
Microsoft Visual Studio Solution File, Format Version 12.00
# Visual Studio 15
VisualStudioVersion = 15.0.27428.2027
MinimumVisualStudioVersion = 10.0.40219.1
Project("{FAE04EC0-301F-11D3-BF4B-00C04F79EFBC}") = "RainApp", "RainApp\RainApp.csproj", "{3F44C65B-623B-4739-9437-F29F7CC0038E}"
EndProject
Global
	GlobalSection(SolutionConfigurationPlatforms) = preSolution
		Debug|Any CPU = Debug|Any CPU
		Release|Any CPU = Release|Any CPU
	EndGlobalSection
	GlobalSection(ProjectConfigurationPlatforms) = postSolution
		{3F44C65B-623B-4739-9437-F29F7CC0038E}.Debug|Any CPU.ActiveCfg = Debug|Any CPU
		{3F44C65B-623B-4739-9437-F29F7CC0038E}.Debug|Any CPU.Build.0 = Debug|Any CPU
		{3F44C65B-623B-4739-9437-F29F7CC0038E}.Release|Any CPU.ActiveCfg = Release|Any CPU
		{3F44C65B-623B-4739-9437-F29F7CC0038E}.Release|Any CPU.Build.0 = Release|Any CPU
	EndGlobalSection
	GlobalSection(SolutionProperties) = preSolution
		HideSolutionNode = FALSE
	EndGlobalSection
	GlobalSection(ExtensibilityGlobals) = postSolution
		SolutionGuid = {CF668B14-8F09-4B9B-92AC-0076B1FFF889}
	EndGlobalSection
EndGlobal
